<?xml version="1.0" encoding="utf-8"?>
<Project ToolsVersion="4.0" xmlns="http://schemas.microsoft.com/developer/msbuild/2003">
  <ItemGroup>
    <Filter Include="Source Files">
      <UniqueIdentifier>{4FC737F1-C7A5-4376-A066-2A32D752A2FF}</UniqueIdentifier>
      <Extensions>cpp;c;cc;cxx;c++;cppm;ixx;def;odl;idl;hpj;bat;asm;asmx</Extensions>
    </Filter>
    <Filter Include="Header Files">
      <UniqueIdentifier>{93995380-89BD-4b04-88EB-625FBE52EBFB}</UniqueIdentifier>
      <Extensions>h;hh;hpp;hxx;h++;hm;inl;inc;ipp;xsd</Extensions>
    </Filter>
    <Filter Include="Resource Files">
      <UniqueIdentifier>{67DA6AB6-F800-4c08-8B7A-83BB121AAD01}</UniqueIdentifier>
      <Extensions>rc;ico;cur;bmp;dlg;rc2;rct;bin;rgs;gif;jpg;jpeg;jpe;resx;tiff;tif;png;wav;mfcribbon-ms</Extensions>
    </Filter>
    <Filter Include="Source Files\Objects">
      <UniqueIdentifier>{036e3b10-e57b-44a8-88f4-bd6cfd23f5cf}</UniqueIdentifier>
    </Filter>
    <Filter Include="Header Files\Objects">
      <UniqueIdentifier>{e80e0b28-e547-4161-a599-2ca3377de2e2}</UniqueIdentifier>
    </Filter>
    <Filter Include="Source Files\Engine">
      <UniqueIdentifier>{3bc59498-dda2-4026-aa21-2f85acf5bc87}</UniqueIdentifier>
    </Filter>
    <Filter Include="Source Files\Engine\Base">
      <UniqueIdentifier>{a5b15740-41f2-4a24-881c-3c1b8692c45a}</UniqueIdentifier>
    </Filter>
    <Filter Include="Header Files\Engine">
      <UniqueIdentifier>{27f40dad-cc05-4820-8c1e-919ffd73233e}</UniqueIdentifier>
    </Filter>
    <Filter Include="Header Files\Engine\Base">
      <UniqueIdentifier>{bff43d9d-24d4-46c1-b0ab-33b10a258e31}</UniqueIdentifier>
    </Filter>
    <Filter Include="Header Files\Engine\Renderable">
      <UniqueIdentifier>{f1dd0ca7-fb3f-488a-97e0-98fa3bc2e3f6}</UniqueIdentifier>
    </Filter>
    <Filter Include="Source Files\Engine\Renderable">
      <UniqueIdentifier>{542e544c-8ebf-4a71-b7bd-7266a12e2ab2}</UniqueIdentifier>
    </Filter>
    <Filter Include="Header Files\Engine\Support">
      <UniqueIdentifier>{9281c332-0d72-4550-b622-c0214ce7086d}</UniqueIdentifier>
    </Filter>
    <Filter Include="Source Files\Engine\Support">
      <UniqueIdentifier>{34a0225c-0e4a-463a-b22d-46aafa84ddb1}</UniqueIdentifier>
    </Filter>
    <Filter Include="Resource Files\shaders">
      <UniqueIdentifier>{71ace98b-ea9c-4e91-86ca-4a51b748b62e}</UniqueIdentifier>
    </Filter>
    <Filter Include="Resource Files\textures">
      <UniqueIdentifier>{d0002a4c-fd18-40ea-b42d-1f852ee66037}</UniqueIdentifier>
    </Filter>
    <Filter Include="Resource Files\skybox">
      <UniqueIdentifier>{4ac89931-16ed-40c4-aad8-43c8c6f25d8e}</UniqueIdentifier>
    </Filter>
    <Filter Include="Header Files\Engine\Renderable\Lights">
      <UniqueIdentifier>{579f9620-0f94-4549-a8ef-0ffee46971d2}</UniqueIdentifier>
    </Filter>
    <Filter Include="Source Files\Engine\Renderable\Lights">
      <UniqueIdentifier>{aa839027-3e64-4f82-8466-d52a47f89c15}</UniqueIdentifier>
    </Filter>
    <Filter Include="Header Files\Engine\Audio">
      <UniqueIdentifier>{0782d694-d7a4-4915-bfe3-a0d714c66d86}</UniqueIdentifier>
    </Filter>
    <Filter Include="Source Files\Engine\Audio">
      <UniqueIdentifier>{e458e93b-da9e-4d95-8b25-f90133aae939}</UniqueIdentifier>
    </Filter>
    <Filter Include="Resource Files\sounds">
      <UniqueIdentifier>{46c948b1-6c0d-4991-ad4f-874132af20ba}</UniqueIdentifier>
    </Filter>
  </ItemGroup>
  <ItemGroup>
    <ClCompile Include="engine\base\Window.cpp">
      <Filter>Source Files\Engine\Base</Filter>
    </ClCompile>
    <ClCompile Include="engine\Engine.cpp">
      <Filter>Source Files\Engine</Filter>
    </ClCompile>
    <ClCompile Include="engine\base\Shader.cpp">
      <Filter>Source Files\Engine\Base</Filter>
    </ClCompile>
    <ClCompile Include="engine\base\Program.cpp">
      <Filter>Source Files\Engine\Base</Filter>
    </ClCompile>
    <ClCompile Include="engine\base\Camera.cpp">
      <Filter>Source Files\Engine\Base</Filter>
    </ClCompile>
    <ClCompile Include="engine\renderable\Renderable.cpp">
      <Filter>Source Files\Engine\Renderable</Filter>
    </ClCompile>
    <ClCompile Include="engine\renderable\Mesh.cpp">
      <Filter>Source Files\Engine\Renderable</Filter>
    </ClCompile>
    <ClCompile Include="engine\renderable\Model.cpp">
      <Filter>Source Files\Engine\Renderable</Filter>
    </ClCompile>
    <ClCompile Include="engine\support\OBJloader.cpp">
      <Filter>Source Files\Engine\Support</Filter>
    </ClCompile>
    <ClCompile Include="engine\renderable\Scene.cpp">
      <Filter>Source Files\Engine\Renderable</Filter>
    </ClCompile>
    <ClCompile Include="main.cpp">
      <Filter>Source Files</Filter>
    </ClCompile>
    <ClCompile Include="engine\base\Texture.cpp">
      <Filter>Source Files\Engine\Base</Filter>
    </ClCompile>
    <ClCompile Include="engine\renderable\SkyBox.cpp">
      <Filter>Source Files\Engine\Renderable</Filter>
    </ClCompile>
    <ClCompile Include="engine\renderable\PointLight.cpp">
      <Filter>Source Files\Engine\Renderable\Lights</Filter>
    </ClCompile>
    <ClCompile Include="engine\renderable\SpotLight.cpp">
      <Filter>Source Files\Engine\Renderable\Lights</Filter>
    </ClCompile>
    <ClCompile Include="engine\audio\Audio.cpp">
      <Filter>Source Files\Engine\Audio</Filter>
    </ClCompile>
  </ItemGroup>
  <ItemGroup>
    <ClInclude Include="engine\base\Window.h">
      <Filter>Header Files\Engine\Base</Filter>
    </ClInclude>
    <ClInclude Include="engine\Settings.h">
      <Filter>Header Files\Engine</Filter>
    </ClInclude>
    <ClInclude Include="engine\Engine.h">
      <Filter>Header Files\Engine</Filter>
    </ClInclude>
    <ClInclude Include="engine\base\Shader.h">
      <Filter>Header Files\Engine\Base</Filter>
    </ClInclude>
    <ClInclude Include="engine\base\Program.h">
      <Filter>Header Files\Engine\Base</Filter>
    </ClInclude>
    <ClInclude Include="engine\base\Camera.h">
      <Filter>Header Files\Engine\Base</Filter>
    </ClInclude>
    <ClInclude Include="engine\renderable\Renderable.h">
      <Filter>Header Files\Engine\Renderable</Filter>
    </ClInclude>
    <ClInclude Include="engine\renderable\Mesh.h">
      <Filter>Header Files\Engine\Renderable</Filter>
    </ClInclude>
    <ClInclude Include="engine\renderable\Model.h">
      <Filter>Header Files\Engine\Renderable</Filter>
    </ClInclude>
    <ClInclude Include="engine\support\OBJloader.h">
      <Filter>Header Files\Engine\Support</Filter>
    </ClInclude>
    <ClInclude Include="engine\renderable\Scene.h">
      <Filter>Header Files\Engine\Renderable</Filter>
    </ClInclude>
    <ClInclude Include="engine\base\ProgramsManager.h">
      <Filter>Header Files\Engine\Base</Filter>
    </ClInclude>
    <ClInclude Include="engine\base\Texture.h">
      <Filter>Header Files\Engine\Base</Filter>
    </ClInclude>
    <ClInclude Include="engine\base\TexturesManager.h">
      <Filter>Header Files\Engine\Base</Filter>
    </ClInclude>
    <ClInclude Include="engine\renderable\SkyBox.h">
      <Filter>Header Files\Engine\Renderable</Filter>
    </ClInclude>
    <ClInclude Include="engine\renderable\Light.h">
      <Filter>Header Files\Engine\Renderable\Lights</Filter>
    </ClInclude>
    <ClInclude Include="engine\renderable\PointLight.h">
      <Filter>Header Files\Engine\Renderable\Lights</Filter>
    </ClInclude>
    <ClInclude Include="engine\renderable\SpotLight.h">
      <Filter>Header Files\Engine\Renderable\Lights</Filter>
    </ClInclude>
    <ClInclude Include="engine\audio\Audio.h">
      <Filter>Header Files\Engine\Audio</Filter>
    </ClInclude>
    <ClInclude Include="engine\audio\AudioManager.h">
      <Filter>Header Files\Engine\Audio</Filter>
    </ClInclude>
  </ItemGroup>
  <ItemGroup>
    <None Include="resources\shaders\object.frag">
      <Filter>Resource Files\shaders</Filter>
    </None>
    <None Include="resources\shaders\object.vert">
      <Filter>Resource Files\shaders</Filter>
    </None>
    <None Include="resources\shaders\skyBox.frag">
      <Filter>Resource Files\shaders</Filter>
    </None>
    <None Include="resources\shaders\skyBox.vert">
      <Filter>Resource Files\shaders</Filter>
    </None>
  </ItemGroup>
  <ItemGroup>
    <Image Include="resources\textures\box_rgb888.png">
      <Filter>Resource Files\textures</Filter>
    </Image>
    <Image Include="resources\textures\fur.jpg">
      <Filter>Resource Files\textures</Filter>
    </Image>
    <Image Include="resources\textures\mc_diamond_ore.png">
      <Filter>Resource Files\textures</Filter>
    </Image>
    <Image Include="resources\textures\steel.jpg">
      <Filter>Resource Files\textures</Filter>
    </Image>
    <Image Include="resources\skybox\back.jpg">
      <Filter>Resource Files\skybox</Filter>
    </Image>
    <Image Include="resources\skybox\bottom.jpg">
      <Filter>Resource Files\skybox</Filter>
    </Image>
    <Image Include="resources\skybox\front.jpg">
      <Filter>Resource Files\skybox</Filter>
    </Image>
    <Image Include="resources\skybox\left.jpg">
      <Filter>Resource Files\skybox</Filter>
    </Image>
    <Image Include="resources\skybox\right.jpg">
      <Filter>Resource Files\skybox</Filter>
    </Image>
    <Image Include="resources\skybox\top.jpg">
      <Filter>Resource Files\skybox</Filter>
    </Image>
    <Image Include="resources\textures\grass.png">
      <Filter>Resource Files\textures</Filter>
    </Image>
    <Image Include="resources\textures\window.png">
      <Filter>Resource Files\textures</Filter>
    </Image>
  </ItemGroup>
  <ItemGroup>
    <Media Include="resources\sounds\minecraft_click.wav">
      <Filter>Resource Files\sounds</Filter>
    </Media>
    <Media Include="resources\sounds\minecraft_oof.wav">
      <Filter>Resource Files\sounds</Filter>
    </Media>
    <Media Include="resources\sounds\minecraft_walk.wav">
      <Filter>Resource Files\sounds</Filter>
    </Media>
  </ItemGroup>
</Project>